
Microsoft Visual Studio Solution File, Format Version 12.00
# Visual Studio 15
Project("{FAE04EC0-301F-11D3-BF4B-00C04F79EFBC}") = "Assembly-CSharp", "Assembly-CSharp.csproj", "{87B079BF-1CC0-07F1-D546-42E449320C52}"
EndProject
Project("{FAE04EC0-301F-11D3-BF4B-00C04F79EFBC}") = "Assembly-CSharp-Editor", "Assembly-CSharp-Editor.csproj", "{7C1A5D36-F643-B013-C3C8-52DED05614F0}"
EndProject
Global
	GlobalSection(SolutionConfigurationPlatforms) = preSolution
		Debug|Any CPU = Debug|Any CPU
		Release|Any CPU = Release|Any CPU
	EndGlobalSection
	GlobalSection(ProjectConfigurationPlatforms) = postSolution
		{87B079BF-1CC0-07F1-D546-42E449320C52}.Debug|Any CPU.ActiveCfg = Debug|Any CPU
		{87B079BF-1CC0-07F1-D546-42E449320C52}.Debug|Any CPU.Build.0 = Debug|Any CPU
		{87B079BF-1CC0-07F1-D546-42E449320C52}.Release|Any CPU.ActiveCfg = Release|Any CPU
		{87B079BF-1CC0-07F1-D546-42E449320C52}.Release|Any CPU.Build.0 = Release|Any CPU
		{7C1A5D36-F643-B013-C3C8-52DED05614F0}.Debug|Any CPU.ActiveCfg = Debug|Any CPU
		{7C1A5D36-F643-B013-C3C8-52DED05614F0}.Debug|Any CPU.Build.0 = Debug|Any CPU
		{7C1A5D36-F643-B013-C3C8-52DED05614F0}.Release|Any CPU.ActiveCfg = Release|Any CPU
		{7C1A5D36-F643-B013-C3C8-52DED05614F0}.Release|Any CPU.Build.0 = Release|Any CPU
	EndGlobalSection
	GlobalSection(SolutionProperties) = preSolution
		HideSolutionNode = FALSE
	EndGlobalSection
EndGlobal
